
Microsoft Visual Studio Solution File, Format Version 12.00
# Visual Studio 2013
VisualStudioVersion = 12.0.31101.0
MinimumVisualStudioVersion = 10.0.40219.1
Project("{FAE04EC0-301F-11D3-BF4B-00C04F79EFBC}") = "calcular edad", "calcular edad\calcular edad.csproj", "{845C6DF9-20A1-4AD2-82D9-D96F8F96F052}"
EndProject
Global
	GlobalSection(SolutionConfigurationPlatforms) = preSolution
		Debug|Any CPU = Debug|Any CPU
		Release|Any CPU = Release|Any CPU
	EndGlobalSection
	GlobalSection(ProjectConfigurationPlatforms) = postSolution
		{845C6DF9-20A1-4AD2-82D9-D96F8F96F052}.Debug|Any CPU.ActiveCfg = Debug|Any CPU
		{845C6DF9-20A1-4AD2-82D9-D96F8F96F052}.Debug|Any CPU.Build.0 = Debug|Any CPU
		{845C6DF9-20A1-4AD2-82D9-D96F8F96F052}.Release|Any CPU.ActiveCfg = Release|Any CPU
		{845C6DF9-20A1-4AD2-82D9-D96F8F96F052}.Release|Any CPU.Build.0 = Release|Any CPU
	EndGlobalSection
	GlobalSection(SolutionProperties) = preSolution
		HideSolutionNode = FALSE
	EndGlobalSection
EndGlobal
